
Microsoft Visual Studio Solution File, Format Version 12.00
# Visual Studio 14
VisualStudioVersion = 14.0.25420.1
MinimumVisualStudioVersion = 10.0.40219.1
Project("{159641D6-6404-4A2A-AE62-294DE0FE8301}") = "Dashboard_Case_SSIS", "Dashboard_Case_SSIS\Dashboard_Case_SSIS.dtproj", "{F92C074C-25E3-45EE-AEF3-01380CC86289}"
EndProject
Global
	GlobalSection(SolutionConfigurationPlatforms) = preSolution
		Development|Default = Development|Default
	EndGlobalSection
	GlobalSection(ProjectConfigurationPlatforms) = postSolution
		{F92C074C-25E3-45EE-AEF3-01380CC86289}.Development|Default.ActiveCfg = Development
		{F92C074C-25E3-45EE-AEF3-01380CC86289}.Development|Default.Build.0 = Development
	EndGlobalSection
	GlobalSection(SolutionProperties) = preSolution
		HideSolutionNode = FALSE
	EndGlobalSection
EndGlobal
